
Microsoft Visual Studio Solution File, Format Version 12.00
# Visual Studio Version 16
VisualStudioVersion = 16.0.31129.286
MinimumVisualStudioVersion = 10.0.40219.1
Project("{159641D6-6404-4A2A-AE62-294DE0FE8301}") = "Part 50", "Part 50\Part 50.dtproj", "{907865A8-7F56-4BBA-9EA7-76BA858E58CD}"
EndProject
Global
	GlobalSection(SolutionConfigurationPlatforms) = preSolution
		Development|Default = Development|Default
	EndGlobalSection
	GlobalSection(ProjectConfigurationPlatforms) = postSolution
		{907865A8-7F56-4BBA-9EA7-76BA858E58CD}.Development|Default.ActiveCfg = Development
		{907865A8-7F56-4BBA-9EA7-76BA858E58CD}.Development|Default.Build.0 = Development
	EndGlobalSection
	GlobalSection(SolutionProperties) = preSolution
		HideSolutionNode = FALSE
	EndGlobalSection
	GlobalSection(ExtensibilityGlobals) = postSolution
		SolutionGuid = {8CF8E05A-B27D-4270-8C31-03DB60CAFF52}
	EndGlobalSection
EndGlobal
